
Microsoft Visual Studio Solution File, Format Version 12.00
# Visual Studio Version 17
VisualStudioVersion = 17.12.35707.178
MinimumVisualStudioVersion = 10.0.40219.1
Project("{FAE04EC0-301F-11D3-BF4B-00C04F79EFBC}") = "ECommerce.ProductService.API", "src\ECommerce.ProductService.API\ECommerce.ProductService.API.csproj", "{39B645F3-7D88-4AC2-BBC7-1E78F06B676A}"
EndProject
Project("{FAE04EC0-301F-11D3-BF4B-00C04F79EFBC}") = "ECommerce.ProductService.Application", "src\ECommerce.ProductService.Application\ECommerce.ProductService.Application.csproj", "{6F1A55AD-EA11-4AA0-9E66-28DC058F3BD7}"
EndProject
Project("{FAE04EC0-301F-11D3-BF4B-00C04F79EFBC}") = "ECommerce.ProductService.Domain", "src\ECommerce.ProductService.Domain\ECommerce.ProductService.Domain.csproj", "{979EBDC4-9A62-4F05-8AF7-7A0A2B62058F}"
EndProject
Project("{FAE04EC0-301F-11D3-BF4B-00C04F79EFBC}") = "ECommerce.ProductService.Infrastructure", "src\ECommerce.ProductService.Infrastructure\ECommerce.ProductService.Infrastructure.csproj", "{CE1D87E0-CB45-460A-AB33-7CA82215B6FE}"
EndProject
Project("{FAE04EC0-301F-11D3-BF4B-00C04F79EFBC}") = "ECommerce.ProductService.Tests", "tests\ECommerce.ProductService.Tests\ECommerce.ProductService.Tests.csproj", "{12CFBA7E-21CD-4A68-A627-559053448BD1}"
EndProject
Project("{FAE04EC0-301F-11D3-BF4B-00C04F79EFBC}") = "ECommerce.ProductService.Shared", "src\ECommerce.ProductService.Shared\ECommerce.ProductService.Shared.csproj", "{D5E382E3-13CA-4011-8EC7-7060E26A820C}"
EndProject
Project("{FAE04EC0-301F-11D3-BF4B-00C04F79EFBC}") = "ECommerce.ProductService.Messaging", "src\ECommerce.ProductService.Messaging\ECommerce.ProductService.Messaging.csproj", "{3AEF31DF-B57A-4904-AC4C-1D4370F5B371}"
EndProject
Project("{E53339B2-1760-4266-BCC7-CA923CBCF16C}") = "docker-compose", "docker-compose.dcproj", "{68205EC1-E8B5-4A90-94CC-10666D549671}"
EndProject
Global
	GlobalSection(SolutionConfigurationPlatforms) = preSolution
		Debug|Any CPU = Debug|Any CPU
		Release|Any CPU = Release|Any CPU
	EndGlobalSection
	GlobalSection(ProjectConfigurationPlatforms) = postSolution
		{39B645F3-7D88-4AC2-BBC7-1E78F06B676A}.Debug|Any CPU.ActiveCfg = Debug|Any CPU
		{39B645F3-7D88-4AC2-BBC7-1E78F06B676A}.Debug|Any CPU.Build.0 = Debug|Any CPU
		{39B645F3-7D88-4AC2-BBC7-1E78F06B676A}.Release|Any CPU.ActiveCfg = Release|Any CPU
		{39B645F3-7D88-4AC2-BBC7-1E78F06B676A}.Release|Any CPU.Build.0 = Release|Any CPU
		{6F1A55AD-EA11-4AA0-9E66-28DC058F3BD7}.Debug|Any CPU.ActiveCfg = Debug|Any CPU
		{6F1A55AD-EA11-4AA0-9E66-28DC058F3BD7}.Debug|Any CPU.Build.0 = Debug|Any CPU
		{6F1A55AD-EA11-4AA0-9E66-28DC058F3BD7}.Release|Any CPU.ActiveCfg = Release|Any CPU
		{6F1A55AD-EA11-4AA0-9E66-28DC058F3BD7}.Release|Any CPU.Build.0 = Release|Any CPU
		{979EBDC4-9A62-4F05-8AF7-7A0A2B62058F}.Debug|Any CPU.ActiveCfg = Debug|Any CPU
		{979EBDC4-9A62-4F05-8AF7-7A0A2B62058F}.Debug|Any CPU.Build.0 = Debug|Any CPU
		{979EBDC4-9A62-4F05-8AF7-7A0A2B62058F}.Release|Any CPU.ActiveCfg = Release|Any CPU
		{979EBDC4-9A62-4F05-8AF7-7A0A2B62058F}.Release|Any CPU.Build.0 = Release|Any CPU
		{CE1D87E0-CB45-460A-AB33-7CA82215B6FE}.Debug|Any CPU.ActiveCfg = Debug|Any CPU
		{CE1D87E0-CB45-460A-AB33-7CA82215B6FE}.Debug|Any CPU.Build.0 = Debug|Any CPU
		{CE1D87E0-CB45-460A-AB33-7CA82215B6FE}.Release|Any CPU.ActiveCfg = Release|Any CPU
		{CE1D87E0-CB45-460A-AB33-7CA82215B6FE}.Release|Any CPU.Build.0 = Release|Any CPU
		{12CFBA7E-21CD-4A68-A627-559053448BD1}.Debug|Any CPU.ActiveCfg = Debug|Any CPU
		{12CFBA7E-21CD-4A68-A627-559053448BD1}.Debug|Any CPU.Build.0 = Debug|Any CPU
		{12CFBA7E-21CD-4A68-A627-559053448BD1}.Release|Any CPU.ActiveCfg = Release|Any CPU
		{12CFBA7E-21CD-4A68-A627-559053448BD1}.Release|Any CPU.Build.0 = Release|Any CPU
		{D5E382E3-13CA-4011-8EC7-7060E26A820C}.Debug|Any CPU.ActiveCfg = Debug|Any CPU
		{D5E382E3-13CA-4011-8EC7-7060E26A820C}.Debug|Any CPU.Build.0 = Debug|Any CPU
		{D5E382E3-13CA-4011-8EC7-7060E26A820C}.Release|Any CPU.ActiveCfg = Release|Any CPU
		{D5E382E3-13CA-4011-8EC7-7060E26A820C}.Release|Any CPU.Build.0 = Release|Any CPU
		{3AEF31DF-B57A-4904-AC4C-1D4370F5B371}.Debug|Any CPU.ActiveCfg = Debug|Any CPU
		{3AEF31DF-B57A-4904-AC4C-1D4370F5B371}.Debug|Any CPU.Build.0 = Debug|Any CPU
		{3AEF31DF-B57A-4904-AC4C-1D4370F5B371}.Release|Any CPU.ActiveCfg = Release|Any CPU
		{3AEF31DF-B57A-4904-AC4C-1D4370F5B371}.Release|Any CPU.Build.0 = Release|Any CPU
		{68205EC1-E8B5-4A90-94CC-10666D549671}.Debug|Any CPU.ActiveCfg = Debug|Any CPU
		{68205EC1-E8B5-4A90-94CC-10666D549671}.Debug|Any CPU.Build.0 = Debug|Any CPU
		{68205EC1-E8B5-4A90-94CC-10666D549671}.Release|Any CPU.ActiveCfg = Release|Any CPU
		{68205EC1-E8B5-4A90-94CC-10666D549671}.Release|Any CPU.Build.0 = Release|Any CPU
	EndGlobalSection
	GlobalSection(SolutionProperties) = preSolution
		HideSolutionNode = FALSE
	EndGlobalSection
EndGlobal
